{
    "_meta": {
        "hash": {
            "sha256": "1b6dbf2178cd36c853672c0ee43923c631abff7bd540c39eed5903c5ced80c17"
        },
        "pipfile-spec": 6,
        "requires": {
            "python_version": "3.7"
        },
        "sources": [
            {
                "name": "pypi",
                "url": "https://pypi.org/simple",
                "verify_ssl": true
            }
        ]
    },
    "default": {
        "arpeggio": {
            "hashes": [
                "sha256:948ce06163a48a72c97f4fe79ad3d1c1330b6fec4f22ece182fb60ef60bd022b",
                "sha256:b9178917594bb9758002faed31e1e1c968b5ea7f2a8f78fd4a5b8fecaccfcfcd"
            ],
            "version": "==1.9.2"
        },
        "click": {
            "hashes": [
                "sha256:2335065e6395b9e67ca716de5f7526736bfa6ceead690adf616d925bdc622b13",
                "sha256:5b94b49521f6456670fdb30cd82a4eca9412788a93fa6dd6df72c94d5a8ff2d7"
            ],
            "version": "==7.0"
        },
        "textx": {
            "hashes": [
                "sha256:159c710f98401f090eb39fa44cd20bc48d697cb96684d1f457428c7ab37bb61c",
                "sha256:e5f06ca79223d966d281c321ff37b2c9b4eb13d6e168b886cde54fee99bb81bd"
            ],
            "index": "pypi",
            "version": "==2.1.0"
        }
    },
    "develop": {}
}
